
Microsoft Visual Studio Solution File, Format Version 12.00
# Visual Studio Version 16
VisualStudioVersion = 16.0.31313.79
MinimumVisualStudioVersion = 10.0.40219.1
Project("{8BC9CEB8-8B4A-11D0-8D11-00A0C91BC942}") = "BasicChallenges", "Challenges\Challenges.vcxproj", "{08803DC3-F55A-4F79-9998-4ADE87E159C8}"
EndProject
Project("{8BC9CEB8-8B4A-11D0-8D11-00A0C91BC942}") = "MathOperatorsChallenges", "MathOperatorsChallenges\MathOperatorsChallenges.vcxproj", "{F6CB66A2-AD14-4A73-ABF7-EFD24D823738}"
EndProject
Project("{8BC9CEB8-8B4A-11D0-8D11-00A0C91BC942}") = "HarderChallenges", "HarderChallenges\HarderChallenges.vcxproj", "{180D5740-924A-49D4-B0CD-D542FC40A6DA}"
EndProject
Project("{8BC9CEB8-8B4A-11D0-8D11-00A0C91BC942}") = "DifficultChallenges", "DifficultChallenges\DifficultChallenges.vcxproj", "{371082E7-5072-4F93-9673-BACBFBFC51ED}"
EndProject
Project("{8BC9CEB8-8B4A-11D0-8D11-00A0C91BC942}") = "OOPChallenges", "OOPChallenges\OOPChallenges.vcxproj", "{C5246BEC-2EDC-41A3-A28D-F198346C3F4C}"
EndProject
Global
	GlobalSection(SolutionConfigurationPlatforms) = preSolution
		Debug|x64 = Debug|x64
		Debug|x86 = Debug|x86
		Release|x64 = Release|x64
		Release|x86 = Release|x86
	EndGlobalSection
	GlobalSection(ProjectConfigurationPlatforms) = postSolution
		{08803DC3-F55A-4F79-9998-4ADE87E159C8}.Debug|x64.ActiveCfg = Debug|x64
		{08803DC3-F55A-4F79-9998-4ADE87E159C8}.Debug|x64.Build.0 = Debug|x64
		{08803DC3-F55A-4F79-9998-4ADE87E159C8}.Debug|x86.ActiveCfg = Debug|Win32
		{08803DC3-F55A-4F79-9998-4ADE87E159C8}.Debug|x86.Build.0 = Debug|Win32
		{08803DC3-F55A-4F79-9998-4ADE87E159C8}.Release|x64.ActiveCfg = Release|x64
		{08803DC3-F55A-4F79-9998-4ADE87E159C8}.Release|x64.Build.0 = Release|x64
		{08803DC3-F55A-4F79-9998-4ADE87E159C8}.Release|x86.ActiveCfg = Release|Win32
		{08803DC3-F55A-4F79-9998-4ADE87E159C8}.Release|x86.Build.0 = Release|Win32
		{F6CB66A2-AD14-4A73-ABF7-EFD24D823738}.Debug|x64.ActiveCfg = Debug|x64
		{F6CB66A2-AD14-4A73-ABF7-EFD24D823738}.Debug|x64.Build.0 = Debug|x64
		{F6CB66A2-AD14-4A73-ABF7-EFD24D823738}.Debug|x86.ActiveCfg = Debug|Win32
		{F6CB66A2-AD14-4A73-ABF7-EFD24D823738}.Debug|x86.Build.0 = Debug|Win32
		{F6CB66A2-AD14-4A73-ABF7-EFD24D823738}.Release|x64.ActiveCfg = Release|x64
		{F6CB66A2-AD14-4A73-ABF7-EFD24D823738}.Release|x64.Build.0 = Release|x64
		{F6CB66A2-AD14-4A73-ABF7-EFD24D823738}.Release|x86.ActiveCfg = Release|Win32
		{F6CB66A2-AD14-4A73-ABF7-EFD24D823738}.Release|x86.Build.0 = Release|Win32
		{180D5740-924A-49D4-B0CD-D542FC40A6DA}.Debug|x64.ActiveCfg = Debug|x64
		{180D5740-924A-49D4-B0CD-D542FC40A6DA}.Debug|x64.Build.0 = Debug|x64
		{180D5740-924A-49D4-B0CD-D542FC40A6DA}.Debug|x86.ActiveCfg = Debug|Win32
		{180D5740-924A-49D4-B0CD-D542FC40A6DA}.Debug|x86.Build.0 = Debug|Win32
		{180D5740-924A-49D4-B0CD-D542FC40A6DA}.Release|x64.ActiveCfg = Release|x64
		{180D5740-924A-49D4-B0CD-D542FC40A6DA}.Release|x64.Build.0 = Release|x64
		{180D5740-924A-49D4-B0CD-D542FC40A6DA}.Release|x86.ActiveCfg = Release|Win32
		{180D5740-924A-49D4-B0CD-D542FC40A6DA}.Release|x86.Build.0 = Release|Win32
		{371082E7-5072-4F93-9673-BACBFBFC51ED}.Debug|x64.ActiveCfg = Debug|x64
		{371082E7-5072-4F93-9673-BACBFBFC51ED}.Debug|x64.Build.0 = Debug|x64
		{371082E7-5072-4F93-9673-BACBFBFC51ED}.Debug|x86.ActiveCfg = Debug|Win32
		{371082E7-5072-4F93-9673-BACBFBFC51ED}.Debug|x86.Build.0 = Debug|Win32
		{371082E7-5072-4F93-9673-BACBFBFC51ED}.Release|x64.ActiveCfg = Release|x64
		{371082E7-5072-4F93-9673-BACBFBFC51ED}.Release|x64.Build.0 = Release|x64
		{371082E7-5072-4F93-9673-BACBFBFC51ED}.Release|x86.ActiveCfg = Release|Win32
		{371082E7-5072-4F93-9673-BACBFBFC51ED}.Release|x86.Build.0 = Release|Win32
		{C5246BEC-2EDC-41A3-A28D-F198346C3F4C}.Debug|x64.ActiveCfg = Debug|x64
		{C5246BEC-2EDC-41A3-A28D-F198346C3F4C}.Debug|x64.Build.0 = Debug|x64
		{C5246BEC-2EDC-41A3-A28D-F198346C3F4C}.Debug|x86.ActiveCfg = Debug|Win32
		{C5246BEC-2EDC-41A3-A28D-F198346C3F4C}.Debug|x86.Build.0 = Debug|Win32
		{C5246BEC-2EDC-41A3-A28D-F198346C3F4C}.Release|x64.ActiveCfg = Release|x64
		{C5246BEC-2EDC-41A3-A28D-F198346C3F4C}.Release|x64.Build.0 = Release|x64
		{C5246BEC-2EDC-41A3-A28D-F198346C3F4C}.Release|x86.ActiveCfg = Release|Win32
		{C5246BEC-2EDC-41A3-A28D-F198346C3F4C}.Release|x86.Build.0 = Release|Win32
	EndGlobalSection
	GlobalSection(SolutionProperties) = preSolution
		HideSolutionNode = FALSE
	EndGlobalSection
	GlobalSection(ExtensibilityGlobals) = postSolution
		SolutionGuid = {3592167D-FAA0-4986-B32E-4B7AE61CF544}
	EndGlobalSection
EndGlobal
